{
  "originHash" : "58c519bb5c4ed4eff5bf958746e4788e97e39cd19788f76ea1d271263cd4e3e7",
  "pins" : [
    {
      "identity" : "glassmorphismui",
      "kind" : "remoteSourceControl",
      "location" : "https://github.com/nekoribocchi/GlassmorphismUI.git",
      "state" : {
        "branch" : "main",
        "revision" : "17de336b70afa14c52bfdc444d7bba3c9011c89e"
      }
    },
    {
      "identity" : "uionboarding",
      "kind" : "remoteSourceControl",
      "location" : "https://github.com/lascic/UIOnboarding.git",
      "state" : {
        "revision" : "88d304a0a78b608fd993c9065bb86631f962aaf9",
        "version" : "2.0.4"
      }
    }
  ],
  "version" : 3
}
