{
  "originHash" : "58c519bb5c4ed4eff5bf958746e4788e97e39cd19788f76ea1d271263cd4e3e7",
  "pins" : [
    {
      "identity" : "glassmorphismui",
      "kind" : "remoteSourceControl",
      "location" : "https://github.com/nekoribocchi/GlassmorphismUI.git",
      "state" : {
        "branch" : "main",
        "revision" : "19e2910a070afda6644c16f372b0420af9fd0a4e"
      }
    },
    {
      "identity" : "uionboarding",
      "kind" : "remoteSourceControl",
      "location" : "https://github.com/lascic/UIOnboarding.git",
      "state" : {
        "revision" : "88d304a0a78b608fd993c9065bb86631f962aaf9",
        "version" : "2.0.4"
      }
    }
  ],
  "version" : 3
}
